
Microsoft Visual Studio Solution File, Format Version 12.00
# Visual Studio Version 16
VisualStudioVersion = 16.0.30503.244
MinimumVisualStudioVersion = 10.0.40219.1
Project("{9A19103F-16F7-4668-BE54-9A1E7A4F7556}") = "CountingDNANucleotides", "Rosalind\CountingDNANucleotides.csproj", "{28920E11-2703-4CA1-ABF3-4043B8278DD6}"
EndProject
Project("{9A19103F-16F7-4668-BE54-9A1E7A4F7556}") = "TranscribingDNAintoRNA", "TranscribingDNAintoRNA\TranscribingDNAintoRNA.csproj", "{63F9A52F-4F66-4885-9D72-4F6C3247636F}"
EndProject
Project("{9A19103F-16F7-4668-BE54-9A1E7A4F7556}") = "ComplementingaStrandofDNA", "ComplementingaStrandofDNA\ComplementingaStrandofDNA.csproj", "{39456BC6-D7D8-4957-818C-8C52BB057C99}"
EndProject
Project("{9A19103F-16F7-4668-BE54-9A1E7A4F7556}") = "RabbitsAndRecurrenceRelations", "RabbitsAndRecurrenceRelations\RabbitsAndRecurrenceRelations.csproj", "{23D30F59-8988-45D8-BA29-EB8C370AB27F}"
EndProject
Project("{9A19103F-16F7-4668-BE54-9A1E7A4F7556}") = "ComputingGCContent", "ComputingGCContent\ComputingGCContent.csproj", "{2FF1FEE4-7EED-4AE6-9BAD-EDCFE3813812}"
EndProject
Project("{9A19103F-16F7-4668-BE54-9A1E7A4F7556}") = "CountingPointMutations", "CountingPointMutations\CountingPointMutations.csproj", "{ACFAA38D-6781-4E21-9156-E7DE3C174CEB}"
EndProject
Project("{9A19103F-16F7-4668-BE54-9A1E7A4F7556}") = "TranslatingRNAToProtein", "TranslatingRNAToProtein\TranslatingRNAToProtein.csproj", "{400BCA9E-3FFD-41DC-AA21-AD91A4DF9399}"
EndProject
Project("{9A19103F-16F7-4668-BE54-9A1E7A4F7556}") = "FindingAMotifInDna", "FindingAMotifInDna\FindingAMotifInDna.csproj", "{9CFD6CDD-69BE-43B6-A837-EB7B5B1E57AD}"
EndProject
Project("{FAE04EC0-301F-11D3-BF4B-00C04F79EFBC}") = "MedelsFirstLaw", "MedelsFirstLaw\MedelsFirstLaw.csproj", "{5E6C4783-53BD-4FEB-A5FA-690C9F4F0C41}"
EndProject
Global
	GlobalSection(SolutionConfigurationPlatforms) = preSolution
		Debug|Any CPU = Debug|Any CPU
		Release|Any CPU = Release|Any CPU
	EndGlobalSection
	GlobalSection(ProjectConfigurationPlatforms) = postSolution
		{28920E11-2703-4CA1-ABF3-4043B8278DD6}.Debug|Any CPU.ActiveCfg = Debug|Any CPU
		{28920E11-2703-4CA1-ABF3-4043B8278DD6}.Debug|Any CPU.Build.0 = Debug|Any CPU
		{28920E11-2703-4CA1-ABF3-4043B8278DD6}.Release|Any CPU.ActiveCfg = Release|Any CPU
		{28920E11-2703-4CA1-ABF3-4043B8278DD6}.Release|Any CPU.Build.0 = Release|Any CPU
		{63F9A52F-4F66-4885-9D72-4F6C3247636F}.Debug|Any CPU.ActiveCfg = Debug|Any CPU
		{63F9A52F-4F66-4885-9D72-4F6C3247636F}.Debug|Any CPU.Build.0 = Debug|Any CPU
		{63F9A52F-4F66-4885-9D72-4F6C3247636F}.Release|Any CPU.ActiveCfg = Release|Any CPU
		{63F9A52F-4F66-4885-9D72-4F6C3247636F}.Release|Any CPU.Build.0 = Release|Any CPU
		{39456BC6-D7D8-4957-818C-8C52BB057C99}.Debug|Any CPU.ActiveCfg = Debug|Any CPU
		{39456BC6-D7D8-4957-818C-8C52BB057C99}.Debug|Any CPU.Build.0 = Debug|Any CPU
		{39456BC6-D7D8-4957-818C-8C52BB057C99}.Release|Any CPU.ActiveCfg = Release|Any CPU
		{39456BC6-D7D8-4957-818C-8C52BB057C99}.Release|Any CPU.Build.0 = Release|Any CPU
		{23D30F59-8988-45D8-BA29-EB8C370AB27F}.Debug|Any CPU.ActiveCfg = Debug|Any CPU
		{23D30F59-8988-45D8-BA29-EB8C370AB27F}.Debug|Any CPU.Build.0 = Debug|Any CPU
		{23D30F59-8988-45D8-BA29-EB8C370AB27F}.Release|Any CPU.ActiveCfg = Release|Any CPU
		{23D30F59-8988-45D8-BA29-EB8C370AB27F}.Release|Any CPU.Build.0 = Release|Any CPU
		{2FF1FEE4-7EED-4AE6-9BAD-EDCFE3813812}.Debug|Any CPU.ActiveCfg = Debug|Any CPU
		{2FF1FEE4-7EED-4AE6-9BAD-EDCFE3813812}.Debug|Any CPU.Build.0 = Debug|Any CPU
		{2FF1FEE4-7EED-4AE6-9BAD-EDCFE3813812}.Release|Any CPU.ActiveCfg = Release|Any CPU
		{2FF1FEE4-7EED-4AE6-9BAD-EDCFE3813812}.Release|Any CPU.Build.0 = Release|Any CPU
		{ACFAA38D-6781-4E21-9156-E7DE3C174CEB}.Debug|Any CPU.ActiveCfg = Debug|Any CPU
		{ACFAA38D-6781-4E21-9156-E7DE3C174CEB}.Debug|Any CPU.Build.0 = Debug|Any CPU
		{ACFAA38D-6781-4E21-9156-E7DE3C174CEB}.Release|Any CPU.ActiveCfg = Release|Any CPU
		{ACFAA38D-6781-4E21-9156-E7DE3C174CEB}.Release|Any CPU.Build.0 = Release|Any CPU
		{400BCA9E-3FFD-41DC-AA21-AD91A4DF9399}.Debug|Any CPU.ActiveCfg = Debug|Any CPU
		{400BCA9E-3FFD-41DC-AA21-AD91A4DF9399}.Debug|Any CPU.Build.0 = Debug|Any CPU
		{400BCA9E-3FFD-41DC-AA21-AD91A4DF9399}.Release|Any CPU.ActiveCfg = Release|Any CPU
		{400BCA9E-3FFD-41DC-AA21-AD91A4DF9399}.Release|Any CPU.Build.0 = Release|Any CPU
		{9CFD6CDD-69BE-43B6-A837-EB7B5B1E57AD}.Debug|Any CPU.ActiveCfg = Debug|Any CPU
		{9CFD6CDD-69BE-43B6-A837-EB7B5B1E57AD}.Debug|Any CPU.Build.0 = Debug|Any CPU
		{9CFD6CDD-69BE-43B6-A837-EB7B5B1E57AD}.Release|Any CPU.ActiveCfg = Release|Any CPU
		{9CFD6CDD-69BE-43B6-A837-EB7B5B1E57AD}.Release|Any CPU.Build.0 = Release|Any CPU
		{5E6C4783-53BD-4FEB-A5FA-690C9F4F0C41}.Debug|Any CPU.ActiveCfg = Debug|Any CPU
		{5E6C4783-53BD-4FEB-A5FA-690C9F4F0C41}.Debug|Any CPU.Build.0 = Debug|Any CPU
		{5E6C4783-53BD-4FEB-A5FA-690C9F4F0C41}.Release|Any CPU.ActiveCfg = Release|Any CPU
		{5E6C4783-53BD-4FEB-A5FA-690C9F4F0C41}.Release|Any CPU.Build.0 = Release|Any CPU
	EndGlobalSection
	GlobalSection(SolutionProperties) = preSolution
		HideSolutionNode = FALSE
	EndGlobalSection
	GlobalSection(ExtensibilityGlobals) = postSolution
		SolutionGuid = {3B84B372-548A-4B12-AEC6-2D0D85FCEC17}
	EndGlobalSection
EndGlobal
